
Microsoft Visual Studio Solution File, Format Version 12.00
# Visual Studio 15
VisualStudioVersion = 15.0.27428.2037
MinimumVisualStudioVersion = 10.0.40219.1
Project("{F184B08F-C81C-45F6-A57F-5ABD9991F28F}") = "MyBooks.App", "MyBooks.App\MyBooks.App.vbproj", "{9B60758D-08E4-47F1-AF99-8E55734833B0}"
EndProject
Project("{778DAE3C-4631-46EA-AA77-85C1314464D9}") = "MyBooks.Models", "MyBooks.Models\MyBooks.Models.vbproj", "{94FA7E81-F169-43EA-B6BC-C3188704A003}"
EndProject
Project("{778DAE3C-4631-46EA-AA77-85C1314464D9}") = "MyBooks.OCLCClassify", "MyBooks.OCLCClassify\MyBooks.OCLCClassify.vbproj", "{859C5479-7AD9-46CB-8B2F-03E7E42AB649}"
EndProject
Project("{778DAE3C-4631-46EA-AA77-85C1314464D9}") = "MyBooks.Repository", "MyBooks.Repository\MyBooks.Repository.vbproj", "{527DB411-EBE2-4763-AAA1-09E5710B4081}"
EndProject
Project("{9A19103F-16F7-4668-BE54-9A1E7A4F7556}") = "MyBooks.MARC", "..\MARCTest\MARCLib\MyBooks.MARC.csproj", "{C84BF235-D1E7-4C7E-BE3A-E90C24F24DEC}"
EndProject
Global
	GlobalSection(SolutionConfigurationPlatforms) = preSolution
		Debug|Any CPU = Debug|Any CPU
		Debug|ARM = Debug|ARM
		Debug|x64 = Debug|x64
		Debug|x86 = Debug|x86
		Release|Any CPU = Release|Any CPU
		Release|ARM = Release|ARM
		Release|x64 = Release|x64
		Release|x86 = Release|x86
	EndGlobalSection
	GlobalSection(ProjectConfigurationPlatforms) = postSolution
		{9B60758D-08E4-47F1-AF99-8E55734833B0}.Debug|Any CPU.ActiveCfg = Debug|Any CPU
		{9B60758D-08E4-47F1-AF99-8E55734833B0}.Debug|Any CPU.Build.0 = Debug|Any CPU
		{9B60758D-08E4-47F1-AF99-8E55734833B0}.Debug|Any CPU.Deploy.0 = Debug|Any CPU
		{9B60758D-08E4-47F1-AF99-8E55734833B0}.Debug|ARM.ActiveCfg = Debug|ARM
		{9B60758D-08E4-47F1-AF99-8E55734833B0}.Debug|ARM.Build.0 = Debug|ARM
		{9B60758D-08E4-47F1-AF99-8E55734833B0}.Debug|ARM.Deploy.0 = Debug|ARM
		{9B60758D-08E4-47F1-AF99-8E55734833B0}.Debug|x64.ActiveCfg = Debug|x64
		{9B60758D-08E4-47F1-AF99-8E55734833B0}.Debug|x64.Build.0 = Debug|x64
		{9B60758D-08E4-47F1-AF99-8E55734833B0}.Debug|x64.Deploy.0 = Debug|x64
		{9B60758D-08E4-47F1-AF99-8E55734833B0}.Debug|x86.ActiveCfg = Debug|x86
		{9B60758D-08E4-47F1-AF99-8E55734833B0}.Debug|x86.Build.0 = Debug|x86
		{9B60758D-08E4-47F1-AF99-8E55734833B0}.Debug|x86.Deploy.0 = Debug|x86
		{9B60758D-08E4-47F1-AF99-8E55734833B0}.Release|Any CPU.ActiveCfg = Release|Any CPU
		{9B60758D-08E4-47F1-AF99-8E55734833B0}.Release|Any CPU.Build.0 = Release|Any CPU
		{9B60758D-08E4-47F1-AF99-8E55734833B0}.Release|Any CPU.Deploy.0 = Release|Any CPU
		{9B60758D-08E4-47F1-AF99-8E55734833B0}.Release|ARM.ActiveCfg = Release|ARM
		{9B60758D-08E4-47F1-AF99-8E55734833B0}.Release|ARM.Build.0 = Release|ARM
		{9B60758D-08E4-47F1-AF99-8E55734833B0}.Release|ARM.Deploy.0 = Release|ARM
		{9B60758D-08E4-47F1-AF99-8E55734833B0}.Release|x64.ActiveCfg = Release|x64
		{9B60758D-08E4-47F1-AF99-8E55734833B0}.Release|x64.Build.0 = Release|x64
		{9B60758D-08E4-47F1-AF99-8E55734833B0}.Release|x64.Deploy.0 = Release|x64
		{9B60758D-08E4-47F1-AF99-8E55734833B0}.Release|x86.ActiveCfg = Release|x86
		{9B60758D-08E4-47F1-AF99-8E55734833B0}.Release|x86.Build.0 = Release|x86
		{9B60758D-08E4-47F1-AF99-8E55734833B0}.Release|x86.Deploy.0 = Release|x86
		{94FA7E81-F169-43EA-B6BC-C3188704A003}.Debug|Any CPU.ActiveCfg = Debug|Any CPU
		{94FA7E81-F169-43EA-B6BC-C3188704A003}.Debug|Any CPU.Build.0 = Debug|Any CPU
		{94FA7E81-F169-43EA-B6BC-C3188704A003}.Debug|ARM.ActiveCfg = Debug|Any CPU
		{94FA7E81-F169-43EA-B6BC-C3188704A003}.Debug|ARM.Build.0 = Debug|Any CPU
		{94FA7E81-F169-43EA-B6BC-C3188704A003}.Debug|x64.ActiveCfg = Debug|Any CPU
		{94FA7E81-F169-43EA-B6BC-C3188704A003}.Debug|x64.Build.0 = Debug|Any CPU
		{94FA7E81-F169-43EA-B6BC-C3188704A003}.Debug|x86.ActiveCfg = Debug|Any CPU
		{94FA7E81-F169-43EA-B6BC-C3188704A003}.Debug|x86.Build.0 = Debug|Any CPU
		{94FA7E81-F169-43EA-B6BC-C3188704A003}.Release|Any CPU.ActiveCfg = Release|Any CPU
		{94FA7E81-F169-43EA-B6BC-C3188704A003}.Release|Any CPU.Build.0 = Release|Any CPU
		{94FA7E81-F169-43EA-B6BC-C3188704A003}.Release|ARM.ActiveCfg = Release|Any CPU
		{94FA7E81-F169-43EA-B6BC-C3188704A003}.Release|ARM.Build.0 = Release|Any CPU
		{94FA7E81-F169-43EA-B6BC-C3188704A003}.Release|x64.ActiveCfg = Release|Any CPU
		{94FA7E81-F169-43EA-B6BC-C3188704A003}.Release|x64.Build.0 = Release|Any CPU
		{94FA7E81-F169-43EA-B6BC-C3188704A003}.Release|x86.ActiveCfg = Release|Any CPU
		{94FA7E81-F169-43EA-B6BC-C3188704A003}.Release|x86.Build.0 = Release|Any CPU
		{859C5479-7AD9-46CB-8B2F-03E7E42AB649}.Debug|Any CPU.ActiveCfg = Debug|Any CPU
		{859C5479-7AD9-46CB-8B2F-03E7E42AB649}.Debug|Any CPU.Build.0 = Debug|Any CPU
		{859C5479-7AD9-46CB-8B2F-03E7E42AB649}.Debug|ARM.ActiveCfg = Debug|Any CPU
		{859C5479-7AD9-46CB-8B2F-03E7E42AB649}.Debug|ARM.Build.0 = Debug|Any CPU
		{859C5479-7AD9-46CB-8B2F-03E7E42AB649}.Debug|x64.ActiveCfg = Debug|Any CPU
		{859C5479-7AD9-46CB-8B2F-03E7E42AB649}.Debug|x64.Build.0 = Debug|Any CPU
		{859C5479-7AD9-46CB-8B2F-03E7E42AB649}.Debug|x86.ActiveCfg = Debug|Any CPU
		{859C5479-7AD9-46CB-8B2F-03E7E42AB649}.Debug|x86.Build.0 = Debug|Any CPU
		{859C5479-7AD9-46CB-8B2F-03E7E42AB649}.Release|Any CPU.ActiveCfg = Release|Any CPU
		{859C5479-7AD9-46CB-8B2F-03E7E42AB649}.Release|Any CPU.Build.0 = Release|Any CPU
		{859C5479-7AD9-46CB-8B2F-03E7E42AB649}.Release|ARM.ActiveCfg = Release|Any CPU
		{859C5479-7AD9-46CB-8B2F-03E7E42AB649}.Release|ARM.Build.0 = Release|Any CPU
		{859C5479-7AD9-46CB-8B2F-03E7E42AB649}.Release|x64.ActiveCfg = Release|Any CPU
		{859C5479-7AD9-46CB-8B2F-03E7E42AB649}.Release|x64.Build.0 = Release|Any CPU
		{859C5479-7AD9-46CB-8B2F-03E7E42AB649}.Release|x86.ActiveCfg = Release|Any CPU
		{859C5479-7AD9-46CB-8B2F-03E7E42AB649}.Release|x86.Build.0 = Release|Any CPU
		{527DB411-EBE2-4763-AAA1-09E5710B4081}.Debug|Any CPU.ActiveCfg = Debug|Any CPU
		{527DB411-EBE2-4763-AAA1-09E5710B4081}.Debug|Any CPU.Build.0 = Debug|Any CPU
		{527DB411-EBE2-4763-AAA1-09E5710B4081}.Debug|ARM.ActiveCfg = Debug|Any CPU
		{527DB411-EBE2-4763-AAA1-09E5710B4081}.Debug|ARM.Build.0 = Debug|Any CPU
		{527DB411-EBE2-4763-AAA1-09E5710B4081}.Debug|x64.ActiveCfg = Debug|Any CPU
		{527DB411-EBE2-4763-AAA1-09E5710B4081}.Debug|x64.Build.0 = Debug|Any CPU
		{527DB411-EBE2-4763-AAA1-09E5710B4081}.Debug|x86.ActiveCfg = Debug|Any CPU
		{527DB411-EBE2-4763-AAA1-09E5710B4081}.Debug|x86.Build.0 = Debug|Any CPU
		{527DB411-EBE2-4763-AAA1-09E5710B4081}.Release|Any CPU.ActiveCfg = Release|Any CPU
		{527DB411-EBE2-4763-AAA1-09E5710B4081}.Release|Any CPU.Build.0 = Release|Any CPU
		{527DB411-EBE2-4763-AAA1-09E5710B4081}.Release|ARM.ActiveCfg = Release|Any CPU
		{527DB411-EBE2-4763-AAA1-09E5710B4081}.Release|ARM.Build.0 = Release|Any CPU
		{527DB411-EBE2-4763-AAA1-09E5710B4081}.Release|x64.ActiveCfg = Release|Any CPU
		{527DB411-EBE2-4763-AAA1-09E5710B4081}.Release|x64.Build.0 = Release|Any CPU
		{527DB411-EBE2-4763-AAA1-09E5710B4081}.Release|x86.ActiveCfg = Release|Any CPU
		{527DB411-EBE2-4763-AAA1-09E5710B4081}.Release|x86.Build.0 = Release|Any CPU
		{C84BF235-D1E7-4C7E-BE3A-E90C24F24DEC}.Debug|Any CPU.ActiveCfg = Debug|Any CPU
		{C84BF235-D1E7-4C7E-BE3A-E90C24F24DEC}.Debug|Any CPU.Build.0 = Debug|Any CPU
		{C84BF235-D1E7-4C7E-BE3A-E90C24F24DEC}.Debug|ARM.ActiveCfg = Debug|Any CPU
		{C84BF235-D1E7-4C7E-BE3A-E90C24F24DEC}.Debug|ARM.Build.0 = Debug|Any CPU
		{C84BF235-D1E7-4C7E-BE3A-E90C24F24DEC}.Debug|x64.ActiveCfg = Debug|Any CPU
		{C84BF235-D1E7-4C7E-BE3A-E90C24F24DEC}.Debug|x64.Build.0 = Debug|Any CPU
		{C84BF235-D1E7-4C7E-BE3A-E90C24F24DEC}.Debug|x86.ActiveCfg = Debug|Any CPU
		{C84BF235-D1E7-4C7E-BE3A-E90C24F24DEC}.Debug|x86.Build.0 = Debug|Any CPU
		{C84BF235-D1E7-4C7E-BE3A-E90C24F24DEC}.Release|Any CPU.ActiveCfg = Release|Any CPU
		{C84BF235-D1E7-4C7E-BE3A-E90C24F24DEC}.Release|Any CPU.Build.0 = Release|Any CPU
		{C84BF235-D1E7-4C7E-BE3A-E90C24F24DEC}.Release|ARM.ActiveCfg = Release|Any CPU
		{C84BF235-D1E7-4C7E-BE3A-E90C24F24DEC}.Release|ARM.Build.0 = Release|Any CPU
		{C84BF235-D1E7-4C7E-BE3A-E90C24F24DEC}.Release|x64.ActiveCfg = Release|Any CPU
		{C84BF235-D1E7-4C7E-BE3A-E90C24F24DEC}.Release|x64.Build.0 = Release|Any CPU
		{C84BF235-D1E7-4C7E-BE3A-E90C24F24DEC}.Release|x86.ActiveCfg = Release|Any CPU
		{C84BF235-D1E7-4C7E-BE3A-E90C24F24DEC}.Release|x86.Build.0 = Release|Any CPU
	EndGlobalSection
	GlobalSection(SolutionProperties) = preSolution
		HideSolutionNode = FALSE
	EndGlobalSection
	GlobalSection(ExtensibilityGlobals) = postSolution
		SolutionGuid = {235468F4-0550-404D-80EE-ADE57CE87A82}
	EndGlobalSection
EndGlobal
